
Microsoft Visual Studio Solution File, Format Version 12.00
# Visual Studio Version 17
VisualStudioVersion = 17.14.36121.58 d17.14
MinimumVisualStudioVersion = 10.0.40219.1
Project("{FAE04EC0-301F-11D3-BF4B-00C04F79EFBC}") = "RemoteDesktop.Test", "RemoteDesktop.Test\RemoteDesktop.Test.csproj", "{57E505C0-0D9A-4BF5-94F3-0AC174889BDD}"
EndProject
Global
	GlobalSection(SolutionConfigurationPlatforms) = preSolution
		Debug|Any CPU = Debug|Any CPU
		Release|Any CPU = Release|Any CPU
	EndGlobalSection
	GlobalSection(ProjectConfigurationPlatforms) = postSolution
		{57E505C0-0D9A-4BF5-94F3-0AC174889BDD}.Debug|Any CPU.ActiveCfg = Debug|Any CPU
		{57E505C0-0D9A-4BF5-94F3-0AC174889BDD}.Debug|Any CPU.Build.0 = Debug|Any CPU
		{57E505C0-0D9A-4BF5-94F3-0AC174889BDD}.Release|Any CPU.ActiveCfg = Release|Any CPU
		{57E505C0-0D9A-4BF5-94F3-0AC174889BDD}.Release|Any CPU.Build.0 = Release|Any CPU
	EndGlobalSection
	GlobalSection(SolutionProperties) = preSolution
		HideSolutionNode = FALSE
	EndGlobalSection
	GlobalSection(ExtensibilityGlobals) = postSolution
		SolutionGuid = {E4D67311-535B-46DA-9A9C-C36AE1E784E3}
	EndGlobalSection
EndGlobal
